
Microsoft Visual Studio Solution File, Format Version 12.00
# Visual Studio Version 17
VisualStudioVersion = 17.11.35208.52
MinimumVisualStudioVersion = 10.0.40219.1
Project("{9A19103F-16F7-4668-BE54-9A1E7A4F7556}") = "JazityEditor", "JazityEditor\JazityEditor.csproj", "{27E670AD-E36C-417D-A0ED-4866FB8F9560}"
EndProject
Project("{8BC9CEB8-8B4A-11D0-8D11-00A0C91BC942}") = "Engine", "Engine\Engine.vcxproj", "{3477850E-1C8F-46A9-AEDA-C7DA3FF7465C}"
EndProject
Global
	GlobalSection(SolutionConfigurationPlatforms) = preSolution
		Debug|x64 = Debug|x64
		Release|x64 = Release|x64
	EndGlobalSection
	GlobalSection(ProjectConfigurationPlatforms) = postSolution
		{27E670AD-E36C-417D-A0ED-4866FB8F9560}.Debug|x64.ActiveCfg = Debug|Any CPU
		{27E670AD-E36C-417D-A0ED-4866FB8F9560}.Debug|x64.Build.0 = Debug|Any CPU
		{27E670AD-E36C-417D-A0ED-4866FB8F9560}.Release|x64.ActiveCfg = Release|Any CPU
		{27E670AD-E36C-417D-A0ED-4866FB8F9560}.Release|x64.Build.0 = Release|Any CPU
		{3477850E-1C8F-46A9-AEDA-C7DA3FF7465C}.Debug|x64.ActiveCfg = Debug|x64
		{3477850E-1C8F-46A9-AEDA-C7DA3FF7465C}.Debug|x64.Build.0 = Debug|x64
		{3477850E-1C8F-46A9-AEDA-C7DA3FF7465C}.Release|x64.ActiveCfg = Release|x64
		{3477850E-1C8F-46A9-AEDA-C7DA3FF7465C}.Release|x64.Build.0 = Release|x64
	EndGlobalSection
	GlobalSection(SolutionProperties) = preSolution
		HideSolutionNode = FALSE
	EndGlobalSection
	GlobalSection(ExtensibilityGlobals) = postSolution
		SolutionGuid = {946874E7-0084-41E8-86AB-D64467EC7871}
	EndGlobalSection
EndGlobal
